
Microsoft Visual Studio Solution File, Format Version 12.00
# Visual Studio Version 17
VisualStudioVersion = 17.7.34031.279
MinimumVisualStudioVersion = 10.0.40219.1
Project("{FAE04EC0-301F-11D3-BF4B-00C04F79EFBC}") = "Coste_Ionut_Lab2", "Coste_Ionut_Lab2.csproj", "{5DE618F4-4FF8-4CCE-85D5-D04C332D0CAD}"
EndProject
Global
	GlobalSection(SolutionConfigurationPlatforms) = preSolution
		Debug|Any CPU = Debug|Any CPU
		Release|Any CPU = Release|Any CPU
	EndGlobalSection
	GlobalSection(ProjectConfigurationPlatforms) = postSolution
		{5DE618F4-4FF8-4CCE-85D5-D04C332D0CAD}.Debug|Any CPU.ActiveCfg = Debug|Any CPU
		{5DE618F4-4FF8-4CCE-85D5-D04C332D0CAD}.Debug|Any CPU.Build.0 = Debug|Any CPU
		{5DE618F4-4FF8-4CCE-85D5-D04C332D0CAD}.Release|Any CPU.ActiveCfg = Release|Any CPU
		{5DE618F4-4FF8-4CCE-85D5-D04C332D0CAD}.Release|Any CPU.Build.0 = Release|Any CPU
	EndGlobalSection
	GlobalSection(SolutionProperties) = preSolution
		HideSolutionNode = FALSE
	EndGlobalSection
	GlobalSection(ExtensibilityGlobals) = postSolution
		SolutionGuid = {B483AF54-547A-4936-AF22-08DC55553FF7}
	EndGlobalSection
EndGlobal
